
Microsoft Visual Studio Solution File, Format Version 12.00
# Visual Studio Version 17
VisualStudioVersion = 17.11.35219.272
MinimumVisualStudioVersion = 10.0.40219.1
Project("{FAE04EC0-301F-11D3-BF4B-00C04F79EFBC}") = "ConsoleApp1", "ConsoleApp1\ConsoleApp1.csproj", "{7CB545ED-BC5B-4904-8661-19C70C6AB0DC}"
EndProject
Global
	GlobalSection(SolutionConfigurationPlatforms) = preSolution
		Debug|Any CPU = Debug|Any CPU
		Release|Any CPU = Release|Any CPU
	EndGlobalSection
	GlobalSection(ProjectConfigurationPlatforms) = postSolution
		{7CB545ED-BC5B-4904-8661-19C70C6AB0DC}.Debug|Any CPU.ActiveCfg = Debug|Any CPU
		{7CB545ED-BC5B-4904-8661-19C70C6AB0DC}.Debug|Any CPU.Build.0 = Debug|Any CPU
		{7CB545ED-BC5B-4904-8661-19C70C6AB0DC}.Release|Any CPU.ActiveCfg = Release|Any CPU
		{7CB545ED-BC5B-4904-8661-19C70C6AB0DC}.Release|Any CPU.Build.0 = Release|Any CPU
	EndGlobalSection
	GlobalSection(SolutionProperties) = preSolution
		HideSolutionNode = FALSE
	EndGlobalSection
	GlobalSection(ExtensibilityGlobals) = postSolution
		SolutionGuid = {373DA4EC-E414-4404-9F55-14BBED528F58}
	EndGlobalSection
EndGlobal
